{
  "name": "snowpack-resolve-alias",
  "version": "1.2.7",
  "lockfileVersion": 1,
  "requires": true,
  "dependencies": {
    "plugin-resolve-alias": {
      "version": "1.0.4",
      "resolved": "https://registry.npmjs.org/plugin-resolve-alias/-/plugin-resolve-alias-1.0.4.tgz",
      "integrity": "sha512-xy9zTvOpMyL0bhUK6ZdG8X2o9igM11O0K2W1g7WH5WJZlYHRA7p7RAM7vv1jG88uR895AYPR41k9yqr/l3wg6w=="
    }
  }
}
