{
  "name": "snowpack-resolve-alias",
  "version": "1.2.4",
  "lockfileVersion": 1,
  "requires": true,
  "dependencies": {
    "plugin-resolve-alias": {
      "version": "1.0.1",
      "resolved": "https://registry.npmjs.org/plugin-resolve-alias/-/plugin-resolve-alias-1.0.1.tgz",
      "integrity": "sha512-SjEVq5p/dCAl5X8KU3rtCF3UiUiAfjmsk9PG2zTdvruncYuDL65HtypMfnNUZodIqoXnfxn8eCgmXgr/Wge7yg=="
    }
  }
}
